
Microsoft Visual Studio Solution File, Format Version 12.00
# Visual Studio Version 17
VisualStudioVersion = 17.5.002.0
MinimumVisualStudioVersion = 10.0.40219.1
Project("{9A19103F-16F7-4668-BE54-9A1E7A4F7556}") = "uber-email-send", "uber-email-send.csproj", "{EB88C22F-3A2E-41BB-9765-90120C6B67DB}"
EndProject
Global
	GlobalSection(SolutionConfigurationPlatforms) = preSolution
		Debug|Any CPU = Debug|Any CPU
		Release|Any CPU = Release|Any CPU
	EndGlobalSection
	GlobalSection(ProjectConfigurationPlatforms) = postSolution
		{EB88C22F-3A2E-41BB-9765-90120C6B67DB}.Debug|Any CPU.ActiveCfg = Debug|Any CPU
		{EB88C22F-3A2E-41BB-9765-90120C6B67DB}.Debug|Any CPU.Build.0 = Debug|Any CPU
		{EB88C22F-3A2E-41BB-9765-90120C6B67DB}.Release|Any CPU.ActiveCfg = Release|Any CPU
		{EB88C22F-3A2E-41BB-9765-90120C6B67DB}.Release|Any CPU.Build.0 = Release|Any CPU
	EndGlobalSection
	GlobalSection(SolutionProperties) = preSolution
		HideSolutionNode = FALSE
	EndGlobalSection
	GlobalSection(ExtensibilityGlobals) = postSolution
		SolutionGuid = {083CD223-44CB-486D-85B2-0B3B319CD5A4}
	EndGlobalSection
EndGlobal
